{
  "name": "depup-test",
  "version": "1.0.0",
  "lockfileVersion": 3,
  "requires": true,
  "packages": {
    "": {
      "name": "depup-test",
      "version": "1.0.0",
      "dependencies": {
        "@depup/framer-motion": "file:/Users/mikl/Dropbox/dev/depup/depup/framer-motion/12.23.12/rev-0"
      }
    },
    "..": {
      "name": "@depup/framer-motion",
      "version": "12.23.12_0",
      "license": "MIT",
      "dependencies": {
        "motion-dom": "^12.23.12",
        "motion-utils": "^12.23.6",
        "tslib": "^2.8.1"
      },
      "devDependencies": {
        "@thednp/dommatrix": "^2.0.12",
        "@types/three": "^0.180.0",
        "three": "^0.180.0"
      },
      "peerDependencies": {
        "@emotion/is-prop-valid": "*",
        "react": "^18.0.0 || ^19.0.0",
        "react-dom": "^18.0.0 || ^19.0.0"
      },
      "peerDependenciesMeta": {
        "@emotion/is-prop-valid": {
          "optional": true
        },
        "react": {
          "optional": true
        },
        "react-dom": {
          "optional": true
        }
      }
    },
    "node_modules/@depup/framer-motion": {
      "resolved": "..",
      "link": true
    }
  }
}
