{
  "name": "depup-test",
  "version": "1.0.0",
  "lockfileVersion": 3,
  "requires": true,
  "packages": {
    "": {
      "name": "depup-test",
      "version": "1.0.0",
      "dependencies": {
        "@depup/vue": "file:/Users/mikl/Dropbox/dev/depup/depup/vue/3.5.21/rev-0"
      }
    },
    "..": {
      "name": "@depup/vue",
      "version": "3.5.21_0",
      "license": "MIT",
      "dependencies": {
        "@vue/compiler-dom": "3.5.21",
        "@vue/compiler-sfc": "3.5.21",
        "@vue/runtime-dom": "3.5.21",
        "@vue/server-renderer": "3.5.21",
        "@vue/shared": "3.5.21"
      },
      "peerDependencies": {
        "typescript": "*"
      },
      "peerDependenciesMeta": {
        "typescript": {
          "optional": true
        }
      }
    },
    "node_modules/@depup/vue": {
      "resolved": "..",
      "link": true
    }
  }
}
