{
  "name": "depup-test",
  "version": "1.0.0",
  "lockfileVersion": 3,
  "requires": true,
  "packages": {
    "": {
      "name": "depup-test",
      "version": "1.0.0",
      "dependencies": {
        "@depup/angular": "file:/Users/mikl/Dropbox/dev/depup/depup/angular/1.8.3/rev-0"
      }
    },
    "..": {
      "name": "@depup/angular",
      "version": "1.8.3_0",
      "license": "MIT"
    },
    "node_modules/@depup/angular": {
      "resolved": "..",
      "link": true
    }
  }
}
