{
  "name": "depup-test",
  "version": "1.0.0",
  "lockfileVersion": 3,
  "requires": true,
  "packages": {
    "": {
      "name": "depup-test",
      "version": "1.0.0",
      "dependencies": {
        "@depup/react": "file:/Users/mikl/Dropbox/dev/depup/depup/react/19.2.3/rev-2"
      }
    },
    "..": {
      "name": "@depup/react",
      "version": "19.2.3-depup.2",
      "license": "MIT",
      "engines": {
        "node": ">=0.10.0"
      }
    },
    "node_modules/@depup/react": {
      "resolved": "..",
      "link": true
    }
  }
}
