{
  "name": "@depup/zod",
  "version": "4.3.6-depup.0",
  "lockfileVersion": 3,
  "requires": true,
  "packages": {
    "": {
      "name": "@depup/zod",
      "version": "4.3.6-depup.0",
      "license": "MIT",
      "funding": {
        "url": "https://github.com/sponsors/colinhacks"
      }
    }
  }
}
