{
  "name": "depup-test",
  "version": "1.0.0",
  "lockfileVersion": 3,
  "requires": true,
  "packages": {
    "": {
      "name": "depup-test",
      "version": "1.0.0",
      "dependencies": {
        "@depup/d3": "file:/Users/mikl/Dropbox/dev/depup/depup/d3/7.9.0/rev-0"
      }
    },
    "..": {
      "name": "@depup/d3",
      "version": "7.9.0_0",
      "license": "ISC",
      "dependencies": {
        "d3-array": "^3.2.4",
        "d3-axis": "^3.0.0",
        "d3-brush": "^3.0.0",
        "d3-chord": "^3.0.1",
        "d3-color": "^3.1.0",
        "d3-contour": "^4.0.2",
        "d3-delaunay": "^6.0.4",
        "d3-dispatch": "^3.0.1",
        "d3-drag": "^3.0.0",
        "d3-dsv": "^3.0.1",
        "d3-ease": "^3.0.1",
        "d3-fetch": "^3.0.1",
        "d3-force": "^3.0.0",
        "d3-format": "^3.1.0",
        "d3-geo": "^3.1.1",
        "d3-hierarchy": "^3.1.2",
        "d3-interpolate": "^3.0.1",
        "d3-path": "^3.1.0",
        "d3-polygon": "^3.0.1",
        "d3-quadtree": "^3.0.1",
        "d3-random": "^3.0.1",
        "d3-scale": "^4.0.2",
        "d3-scale-chromatic": "^3.1.0",
        "d3-selection": "^3.0.0",
        "d3-shape": "^3.2.0",
        "d3-time": "^3.1.0",
        "d3-time-format": "^4.1.0",
        "d3-timer": "^3.0.1",
        "d3-transition": "^3.0.1",
        "d3-zoom": "^3.0.0"
      },
      "devDependencies": {
        "@observablehq/plot": "^0.6.17",
        "@observablehq/runtime": "^6.0.0",
        "@rollup/plugin-json": "^6.1.0",
        "@rollup/plugin-node-resolve": "^16.0.1",
        "@rollup/plugin-terser": "^0.4.4",
        "eslint": "^9.35.0",
        "mocha": "^11.7.2",
        "rollup": "^4.50.1",
        "topojson-client": "^3.1.0",
        "vitepress": "^1.6.4"
      },
      "engines": {
        "node": ">=12"
      }
    },
    "node_modules/@depup/d3": {
      "resolved": "..",
      "link": true
    }
  }
}
