{
  "name": "depup-test",
  "version": "1.0.0",
  "lockfileVersion": 3,
  "requires": true,
  "packages": {
    "": {
      "name": "depup-test",
      "version": "1.0.0",
      "dependencies": {
        "@depup/compression": "file:/Users/mikl/Dropbox/dev/depup/depup/compression/1.8.1/rev-0"
      }
    },
    "..": {
      "name": "@depup/compression",
      "version": "1.8.1_0",
      "license": "MIT",
      "dependencies": {
        "bytes": "3.1.2",
        "compressible": "^2.0.18",
        "debug": "^4.4.1",
        "negotiator": "^1.0.0",
        "on-headers": "^1.1.0",
        "safe-buffer": "5.2.1",
        "vary": "^1.1.2"
      },
      "devDependencies": {
        "after": "0.8.2",
        "eslint": "^9.35.0",
        "eslint-config-standard": "^17.1.0",
        "eslint-plugin-import": "2.32.0",
        "eslint-plugin-markdown": "^5.1.0",
        "eslint-plugin-node": "11.1.0",
        "eslint-plugin-promise": "^7.2.1",
        "eslint-plugin-standard": "^5.0.0",
        "mocha": "^11.7.2",
        "nyc": "^17.1.0",
        "supertest": "^7.1.4"
      },
      "engines": {
        "node": ">= 0.8.0"
      }
    },
    "node_modules/@depup/compression": {
      "resolved": "..",
      "link": true
    }
  }
}
