{
  "name": "depup-test",
  "version": "1.0.0",
  "lockfileVersion": 3,
  "requires": true,
  "packages": {
    "": {
      "name": "depup-test",
      "version": "1.0.0",
      "dependencies": {
        "@depup/cross-env": "file:/Users/mikl/Dropbox/dev/depup/depup/cross-env/10.0.0/rev-0"
      }
    },
    "..": {
      "name": "@depup/cross-env",
      "version": "10.0.0_0",
      "license": "MIT",
      "dependencies": {
        "@epic-web/invariant": "^1.0.0",
        "cross-spawn": "^7.0.6"
      },
      "bin": {
        "cross-env": "dist/bin/cross-env.js",
        "cross-env-shell": "dist/bin/cross-env-shell.js"
      },
      "devDependencies": {
        "@epic-web/config": "^1.21.3",
        "@types/cross-spawn": "^6.0.6",
        "@types/node": "^24.3.1",
        "@vitest/coverage-v8": "^3.2.4",
        "@vitest/ui": "^3.2.4",
        "eslint": "^9.35.0",
        "prettier": "^3.6.2",
        "typescript": "^5.9.2",
        "vitest": "^3.2.4",
        "zshy": "^0.4.1"
      },
      "engines": {
        "node": ">=20"
      }
    },
    "node_modules/@depup/cross-env": {
      "resolved": "..",
      "link": true
    }
  }
}
