{
  "name": "depup-test",
  "version": "1.0.0",
  "lockfileVersion": 3,
  "requires": true,
  "packages": {
    "": {
      "name": "depup-test",
      "version": "1.0.0",
      "dependencies": {
        "@depup/multer": "file:/Users/mikl/Dropbox/dev/depup/depup/multer/2.0.2/rev-0"
      }
    },
    "..": {
      "name": "@depup/multer",
      "version": "2.0.2_0",
      "license": "MIT",
      "dependencies": {
        "append-field": "^2.0.0",
        "busboy": "^1.6.0",
        "concat-stream": "^2.0.0",
        "mkdirp": "^3.0.1",
        "object-assign": "^4.1.1",
        "type-is": "^2.0.1",
        "xtend": "^4.0.2"
      },
      "devDependencies": {
        "deep-equal": "^2.2.3",
        "express": "^5.1.0",
        "form-data": "^4.0.4",
        "fs-temp": "^2.0.1",
        "mocha": "^11.7.2",
        "nyc": "^17.1.0",
        "rimraf": "^6.0.1",
        "standard": "^17.1.2",
        "testdata-w3c-json-form": "^1.0.0"
      },
      "engines": {
        "node": ">= 10.16.0"
      }
    },
    "node_modules/@depup/multer": {
      "resolved": "..",
      "link": true
    }
  }
}
