{
  "name": "@depup/prettier",
  "version": "3.8.1-depup.1",
  "lockfileVersion": 3,
  "requires": true,
  "packages": {
    "": {
      "name": "@depup/prettier",
      "version": "3.8.1-depup.1",
      "license": "MIT",
      "bin": {
        "prettier": "bin/prettier.cjs"
      },
      "engines": {
        "node": ">=14"
      },
      "funding": {
        "url": "https://github.com/prettier/prettier?sponsor=1"
      }
    }
  }
}
