{
  "name": "depup-test",
  "version": "1.0.0",
  "lockfileVersion": 3,
  "requires": true,
  "packages": {
    "": {
      "name": "depup-test",
      "version": "1.0.0",
      "dependencies": {
        "@depup/svelte": "file:/Users/mikl/Dropbox/dev/depup/depup/svelte/5.38.10/rev-0"
      }
    },
    "..": {
      "name": "@depup/svelte",
      "version": "5.38.10_0",
      "license": "MIT",
      "dependencies": {
        "@jridgewell/remapping": "^2.3.5",
        "@jridgewell/sourcemap-codec": "^1.5.5",
        "@sveltejs/acorn-typescript": "^1.0.5",
        "@types/estree": "^1.0.8",
        "acorn": "^8.15.0",
        "aria-query": "^5.3.2",
        "axobject-query": "^4.1.0",
        "clsx": "^2.1.1",
        "esm-env": "^1.2.2",
        "esrap": "^2.1.0",
        "is-reference": "^3.0.3",
        "locate-character": "^3.0.0",
        "magic-string": "^0.30.19",
        "zimmerframe": "^1.1.4"
      },
      "devDependencies": {
        "@jridgewell/trace-mapping": "^0.3.31",
        "@playwright/test": "^1.55.0",
        "@rollup/plugin-commonjs": "^28.0.6",
        "@rollup/plugin-node-resolve": "^16.0.1",
        "@rollup/plugin-terser": "^0.4.4",
        "@rollup/plugin-virtual": "^3.0.2",
        "@types/aria-query": "^5.0.4",
        "@types/node": "^24.3.1",
        "dts-buddy": "^0.6.2",
        "esbuild": "^0.25.9",
        "rollup": "^4.50.1",
        "source-map": "^0.7.6",
        "tinyglobby": "^0.2.15",
        "typescript": "^5.9.2",
        "vitest": "^3.2.4"
      },
      "engines": {
        "node": ">=18"
      }
    },
    "node_modules/@depup/svelte": {
      "resolved": "..",
      "link": true
    }
  }
}
